
Microsoft Visual Studio Solution File, Format Version 12.00
# Visual Studio Version 16
VisualStudioVersion = 16.0.29709.97
MinimumVisualStudioVersion = 10.0.40219.1
Project("{FAE04EC0-301F-11D3-BF4B-00C04F79EFBC}") = "selenium-training-csharp", "selenium-training-csharp.csproj", "{2D60C496-66EF-43CC-8513-D35C37EF3B33}"
EndProject
Global
	GlobalSection(SolutionConfigurationPlatforms) = preSolution
		Debug|Any CPU = Debug|Any CPU
		Release|Any CPU = Release|Any CPU
	EndGlobalSection
	GlobalSection(ProjectConfigurationPlatforms) = postSolution
		{2D60C496-66EF-43CC-8513-D35C37EF3B33}.Debug|Any CPU.ActiveCfg = Debug|Any CPU
		{2D60C496-66EF-43CC-8513-D35C37EF3B33}.Debug|Any CPU.Build.0 = Debug|Any CPU
		{2D60C496-66EF-43CC-8513-D35C37EF3B33}.Release|Any CPU.ActiveCfg = Release|Any CPU
		{2D60C496-66EF-43CC-8513-D35C37EF3B33}.Release|Any CPU.Build.0 = Release|Any CPU
	EndGlobalSection
	GlobalSection(SolutionProperties) = preSolution
		HideSolutionNode = FALSE
	EndGlobalSection
	GlobalSection(ExtensibilityGlobals) = postSolution
		SolutionGuid = {754045D6-6DC4-43A2-A06F-C45EBEDD7842}
	EndGlobalSection
EndGlobal
